{
    "_meta": {
        "hash": {
            "sha256": "ebbd6f38d6c934f4ec674b716384553ac5f8f76ae9685ccebb62162d14a02883"
        },
        "pipfile-spec": 6,
        "requires": {
            "python_version": "3.11"
        },
        "sources": [
            {
                "name": "pypi",
                "url": "https://pypi.org/simple",
                "verify_ssl": true
            }
        ]
    },
    "default": {},
    "develop": {}
}
